{
  "name": "usdk-workspace",
  "version": "0.1.0",
  "lockfileVersion": 3,
  "requires": true,
  "packages": {
    "": {
      "name": "usdk-workspace",
      "version": "0.1.0",
      "workspaces": [
        "packages/*"
      ],
      "engines": {
        "node": ">=20"
      }
    },
    "node_modules/@usdk/capability-a11y": {
      "resolved": "packages/capability-a11y",
      "link": true
    },
    "node_modules/@usdk/capability-llm": {
      "resolved": "packages/capability-llm",
      "link": true
    },
    "node_modules/@usdk/capability-robotics": {
      "resolved": "packages/capability-robotics",
      "link": true
    },
    "node_modules/@usdk/capability-vision": {
      "resolved": "packages/capability-vision",
      "link": true
    },
    "node_modules/@usdk/capability-voice": {
      "resolved": "packages/capability-voice",
      "link": true
    },
    "node_modules/@usdk/contracts": {
      "resolved": "packages/contracts",
      "link": true
    },
    "node_modules/@usdk/core": {
      "resolved": "packages/core",
      "link": true
    },
    "node_modules/@usdk/deliberate": {
      "resolved": "packages/deliberate",
      "link": true
    },
    "node_modules/@usdk/driver-llm-fixture": {
      "resolved": "packages/driver-llm-fixture",
      "link": true
    },
    "node_modules/@usdk/driver-llm-local": {
      "resolved": "packages/driver-llm-local",
      "link": true
    },
    "node_modules/@usdk/driver-robotics-sim": {
      "resolved": "packages/driver-robotics-sim",
      "link": true
    },
    "node_modules/@usdk/driver-vision": {
      "resolved": "packages/driver-vision",
      "link": true
    },
    "node_modules/@usdk/driver-voice": {
      "resolved": "packages/driver-voice",
      "link": true
    },
    "node_modules/@usdk/host-browser": {
      "resolved": "packages/host-browser",
      "link": true
    },
    "node_modules/@usdk/loader": {
      "resolved": "packages/loader",
      "link": true
    },
    "node_modules/@usdk/perceive": {
      "resolved": "packages/perceive",
      "link": true
    },
    "node_modules/@usdk/verify": {
      "resolved": "packages/verify",
      "link": true
    },
    "packages/capability-a11y": {
      "name": "@usdk/capability-a11y",
      "version": "0.1.0",
      "dependencies": {
        "@usdk/contracts": "0.1.0"
      },
      "engines": {
        "node": ">=20"
      }
    },
    "packages/capability-llm": {
      "name": "@usdk/capability-llm",
      "version": "0.1.0",
      "dependencies": {
        "@usdk/contracts": "0.1.0"
      },
      "engines": {
        "node": ">=20"
      }
    },
    "packages/capability-robotics": {
      "name": "@usdk/capability-robotics",
      "version": "0.1.0",
      "dependencies": {
        "@usdk/contracts": "0.1.0"
      },
      "engines": {
        "node": ">=20"
      }
    },
    "packages/capability-vision": {
      "name": "@usdk/capability-vision",
      "version": "0.1.0",
      "dependencies": {
        "@usdk/contracts": "0.1.0"
      },
      "engines": {
        "node": ">=20"
      }
    },
    "packages/capability-voice": {
      "name": "@usdk/capability-voice",
      "version": "0.1.0",
      "dependencies": {
        "@usdk/contracts": "0.1.0"
      },
      "engines": {
        "node": ">=20"
      }
    },
    "packages/contracts": {
      "name": "@usdk/contracts",
      "version": "0.1.0",
      "engines": {
        "node": ">=20"
      }
    },
    "packages/core": {
      "name": "@usdk/core",
      "version": "0.1.0",
      "dependencies": {
        "@usdk/contracts": "0.1.0"
      },
      "engines": {
        "node": ">=20"
      }
    },
    "packages/deliberate": {
      "name": "@usdk/deliberate",
      "version": "0.1.0",
      "dependencies": {
        "@usdk/contracts": "0.1.0"
      },
      "engines": {
        "node": ">=20"
      }
    },
    "packages/driver-llm-fixture": {
      "name": "@usdk/driver-llm-fixture",
      "version": "0.1.0",
      "dependencies": {
        "@usdk/capability-llm": "0.1.0",
        "@usdk/contracts": "0.1.0"
      },
      "engines": {
        "node": ">=20"
      }
    },
    "packages/driver-llm-local": {
      "name": "@usdk/driver-llm-local",
      "version": "0.1.0",
      "dependencies": {
        "@usdk/capability-llm": "0.1.0",
        "@usdk/contracts": "0.1.0"
      },
      "engines": {
        "node": ">=20"
      }
    },
    "packages/driver-robotics-sim": {
      "name": "@usdk/driver-robotics-sim",
      "version": "0.1.0",
      "dependencies": {
        "@usdk/capability-robotics": "0.1.0",
        "@usdk/contracts": "0.1.0"
      },
      "engines": {
        "node": ">=20"
      }
    },
    "packages/driver-vision": {
      "name": "@usdk/driver-vision",
      "version": "0.1.0",
      "dependencies": {
        "@usdk/capability-vision": "0.1.0",
        "@usdk/contracts": "0.1.0"
      },
      "engines": {
        "node": ">=20"
      }
    },
    "packages/driver-voice": {
      "name": "@usdk/driver-voice",
      "version": "0.1.0",
      "dependencies": {
        "@usdk/capability-voice": "0.1.0",
        "@usdk/contracts": "0.1.0"
      },
      "engines": {
        "node": ">=20"
      }
    },
    "packages/host-browser": {
      "name": "@usdk/host-browser",
      "version": "0.1.0",
      "dependencies": {
        "@usdk/capability-robotics": "0.1.0",
        "@usdk/contracts": "0.1.0",
        "@usdk/core": "0.1.0",
        "@usdk/deliberate": "0.1.0",
        "@usdk/loader": "0.1.0",
        "@usdk/perceive": "0.1.0",
        "@usdk/verify": "0.1.0"
      },
      "engines": {
        "node": ">=20"
      }
    },
    "packages/loader": {
      "name": "@usdk/loader",
      "version": "0.1.0",
      "dependencies": {
        "@usdk/contracts": "0.1.0"
      },
      "engines": {
        "node": ">=20"
      }
    },
    "packages/perceive": {
      "name": "@usdk/perceive",
      "version": "0.1.0",
      "dependencies": {
        "@usdk/contracts": "0.1.0"
      },
      "engines": {
        "node": ">=20"
      }
    },
    "packages/verify": {
      "name": "@usdk/verify",
      "version": "0.1.0",
      "dependencies": {
        "@usdk/contracts": "0.1.0"
      },
      "engines": {
        "node": ">=20"
      }
    }
  }
}
